// !$*UTF8*$!
{
	archiveVersion = 1;
	classes = {
	};
	objectVersion = 55;
	objects = {

/* Begin PBXBuildFile section */
		EF4EC9D1279703AD0073DB41 /* main.swift in Sources */ = {isa = PBXBuildFile; fileRef = EF4EC9D0279703AD0073DB41 /* main.swift */; };
/* End PBXBuildFile section */

/* Begin PBXCopyFilesBuildPhase section */
		EF95732B2781D232000E1C07 /* CopyFiles */ = {
			isa = PBXCopyFilesBuildPhase;
			buildActionMask = 2147483647;
			dstPath = /usr/share/man/man1/;
			dstSubfolderSpec = 0;
			files = (
			);
			runOnlyForDeploymentPostprocessing = 1;
		};
/* End PBXCopyFilesBuildPhase section */

/* Begin PBXFileReference section */
		EF4EC9CD2795A95D0073DB41 /* PrintStar2.swift */ = {isa = PBXFileReference; lastKnownFileType = sourcecode.swift; path = PrintStar2.swift; sourceTree = "<group>"; };
		EF4EC9CF279703AD0073DB41 /* bojSubmit-Bridging-Header.h */ = {isa = PBXFileReference; lastKnownFileType = sourcecode.c.h; path = "bojSubmit-Bridging-Header.h"; sourceTree = "<group>"; };
		EF4EC9D0279703AD0073DB41 /* main.swift */ = {isa = PBXFileReference; lastKnownFileType = sourcecode.swift; path = main.swift; sourceTree = "<group>"; };
		EF6382192785E56500243B59 /* Hello World.swift */ = {isa = PBXFileReference; lastKnownFileType = sourcecode.swift; path = "Hello World.swift"; sourceTree = "<group>"; };
		EF63821B2785EA9D00243B59 /* CompareAB.swift */ = {isa = PBXFileReference; lastKnownFileType = sourcecode.swift; path = CompareAB.swift; sourceTree = "<group>"; };
		EF63821D2785EDEF00243B59 /* CompareGrade.swift */ = {isa = PBXFileReference; lastKnownFileType = sourcecode.swift; path = CompareGrade.swift; sourceTree = "<group>"; };
		EF63821F278947E200243B59 /* CheckLeapYear.swift */ = {isa = PBXFileReference; lastKnownFileType = sourcecode.swift; path = CheckLeapYear.swift; sourceTree = "<group>"; };
		EF6382212789511400243B59 /* CheckQuadrant.swift */ = {isa = PBXFileReference; lastKnownFileType = sourcecode.swift; path = CheckQuadrant.swift; sourceTree = "<group>"; };
		EF6382232789717000243B59 /* EnumCaseAlarm45.swift */ = {isa = PBXFileReference; lastKnownFileType = sourcecode.swift; path = EnumCaseAlarm45.swift; sourceTree = "<group>"; };
		EF95732D2781D232000E1C07 /* bojSubmit */ = {isa = PBXFileReference; explicitFileType = "compiled.mach-o.executable"; includeInIndex = 0; path = bojSubmit; sourceTree = BUILT_PRODUCTS_DIR; };
		EF9573302781D232000E1C07 /* Division.swift */ = {isa = PBXFileReference; lastKnownFileType = sourcecode.swift; path = Division.swift; sourceTree = "<group>"; };
		EFA316372789E9DC00BB6A6B /* Alarm45.swift */ = {isa = PBXFileReference; lastKnownFileType = sourcecode.swift; path = Alarm45.swift; sourceTree = "<group>"; };
		EFDDD95B278B1DB4009F231E /* multiplication table.swift */ = {isa = PBXFileReference; lastKnownFileType = sourcecode.swift; path = "multiplication table.swift"; sourceTree = "<group>"; };
		EFDDD95D278B2475009F231E /* A+Brepeat.swift */ = {isa = PBXFileReference; lastKnownFileType = sourcecode.swift; path = "A+Brepeat.swift"; sourceTree = "<group>"; };
		EFDDD961278C7E02009F231E /* Print1ton.swift */ = {isa = PBXFileReference; lastKnownFileType = sourcecode.swift; path = Print1ton.swift; sourceTree = "<group>"; };
		EFDDD963278C8007009F231E /* Sum1ton.swift */ = {isa = PBXFileReference; lastKnownFileType = sourcecode.swift; path = Sum1ton.swift; sourceTree = "<group>"; };
		EFDDD965278DAFEA009F231E /* Print1tonReverse.swift */ = {isa = PBXFileReference; lastKnownFileType = sourcecode.swift; path = Print1tonReverse.swift; sourceTree = SOURCE_ROOT; };
		EFDDD967278DB274009F231E /* A+B_pretty.swift */ = {isa = PBXFileReference; lastKnownFileType = sourcecode.swift; path = "A+B_pretty.swift"; sourceTree = "<group>"; };
		EFDDD969278DB36C009F231E /* A+B_pretty2.swift */ = {isa = PBXFileReference; lastKnownFileType = sourcecode.swift; path = "A+B_pretty2.swift"; sourceTree = "<group>"; };
		EFDDD96B2795A065009F231E /* PrintStar.swift */ = {isa = PBXFileReference; lastKnownFileType = sourcecode.swift; path = PrintStar.swift; sourceTree = "<group>"; };
/* End PBXFileReference section */

/* Begin PBXFrameworksBuildPhase section */
		EF95732A2781D232000E1C07 /* Frameworks */ = {
			isa = PBXFrameworksBuildPhase;
			buildActionMask = 2147483647;
			files = (
			);
			runOnlyForDeploymentPostprocessing = 0;
		};
/* End PBXFrameworksBuildPhase section */

/* Begin PBXGroup section */
		EF9573242781D232000E1C07 = {
			isa = PBXGroup;
			children = (
				EF95732F2781D232000E1C07 /* bojSubmit */,
				EF95732E2781D232000E1C07 /* Products */,
			);
			sourceTree = "<group>";
		};
		EF95732E2781D232000E1C07 /* Products */ = {
			isa = PBXGroup;
			children = (
				EF95732D2781D232000E1C07 /* bojSubmit */,
			);
			name = Products;
			sourceTree = "<group>";
		};
		EF95732F2781D232000E1C07 /* bojSubmit */ = {
			isa = PBXGroup;
			children = (
				EFDDD960278C7DD8009F231E /* for */,
				EFDDD95F278B24CB009F231E /* if */,
			);
			path = bojSubmit;
			sourceTree = "<group>";
		};
		EFDDD95F278B24CB009F231E /* if */ = {
			isa = PBXGroup;
			children = (
				EF63821B2785EA9D00243B59 /* CompareAB.swift */,
				EF63821D2785EDEF00243B59 /* CompareGrade.swift */,
				EF63821F278947E200243B59 /* CheckLeapYear.swift */,
				EF6382212789511400243B59 /* CheckQuadrant.swift */,
				EF6382232789717000243B59 /* EnumCaseAlarm45.swift */,
				EFA316372789E9DC00BB6A6B /* Alarm45.swift */,
			);
			path = if;
			sourceTree = "<group>";
		};
		EFDDD960278C7DD8009F231E /* for */ = {
			isa = PBXGroup;
			children = (
				EF9573302781D232000E1C07 /* Division.swift */,
				EF6382192785E56500243B59 /* Hello World.swift */,
				EFDDD95B278B1DB4009F231E /* multiplication table.swift */,
				EFDDD95D278B2475009F231E /* A+Brepeat.swift */,
				EFDDD967278DB274009F231E /* A+B_pretty.swift */,
				EFDDD969278DB36C009F231E /* A+B_pretty2.swift */,
				EFDDD96B2795A065009F231E /* PrintStar.swift */,
				EF4EC9D0279703AD0073DB41 /* main.swift */,
				EF4EC9CD2795A95D0073DB41 /* PrintStar2.swift */,
				EFDDD961278C7E02009F231E /* Print1ton.swift */,
				EFDDD965278DAFEA009F231E /* Print1tonReverse.swift */,
				EFDDD963278C8007009F231E /* Sum1ton.swift */,
				EF4EC9CF279703AD0073DB41 /* bojSubmit-Bridging-Header.h */,
			);
			path = for;
			sourceTree = "<group>";
		};
/* End PBXGroup section */

/* Begin PBXNativeTarget section */
		EF95732C2781D232000E1C07 /* bojSubmit */ = {
			isa = PBXNativeTarget;
			buildConfigurationList = EF9573342781D232000E1C07 /* Build configuration list for PBXNativeTarget "bojSubmit" */;
			buildPhases = (
				EF9573292781D232000E1C07 /* Sources */,
				EF95732A2781D232000E1C07 /* Frameworks */,
				EF95732B2781D232000E1C07 /* CopyFiles */,
			);
			buildRules = (
			);
			dependencies = (
			);
			name = bojSubmit;
			productName = bojSubmit;
			productReference = EF95732D2781D232000E1C07 /* bojSubmit */;
			productType = "com.apple.product-type.tool";
		};
/* End PBXNativeTarget section */

/* Begin PBXProject section */
		EF9573252781D232000E1C07 /* Project object */ = {
			isa = PBXProject;
			attributes = {
				BuildIndependentTargetsInParallel = 1;
				LastSwiftUpdateCheck = 1320;
				LastUpgradeCheck = 1320;
				TargetAttributes = {
					EF95732C2781D232000E1C07 = {
						CreatedOnToolsVersion = 13.2.1;
						LastSwiftMigration = 1320;
					};
				};
			};
			buildConfigurationList = EF9573282781D232000E1C07 /* Build configuration list for PBXProject "bojSubmit" */;
			compatibilityVersion = "Xcode 13.0";
			developmentRegion = en;
			hasScannedForEncodings = 0;
			knownRegions = (
				en,
				Base,
			);
			mainGroup = EF9573242781D232000E1C07;
			productRefGroup = EF95732E2781D232000E1C07 /* Products */;
			projectDirPath = "";
			projectRoot = "";
			targets = (
				EF95732C2781D232000E1C07 /* bojSubmit */,
			);
		};
/* End PBXProject section */

/* Begin PBXSourcesBuildPhase section */
		EF9573292781D232000E1C07 /* Sources */ = {
			isa = PBXSourcesBuildPhase;
			buildActionMask = 2147483647;
			files = (
				EF4EC9D1279703AD0073DB41 /* main.swift in Sources */,
			);
			runOnlyForDeploymentPostprocessing = 0;
		};
/* End PBXSourcesBuildPhase section */

/* Begin XCBuildConfiguration section */
		EF9573322781D232000E1C07 /* Debug */ = {
			isa = XCBuildConfiguration;
			buildSettings = {
				ALWAYS_SEARCH_USER_PATHS = NO;
				CLANG_ANALYZER_NONNULL = YES;
				CLANG_ANALYZER_NUMBER_OBJECT_CONVERSION = YES_AGGRESSIVE;
				CLANG_CXX_LANGUAGE_STANDARD = "gnu++17";
				CLANG_CXX_LIBRARY = "libc++";
				CLANG_ENABLE_MODULES = YES;
				CLANG_ENABLE_OBJC_ARC = YES;
				CLANG_ENABLE_OBJC_WEAK = YES;
				CLANG_WARN_BLOCK_CAPTURE_AUTORELEASING = YES;
				CLANG_WARN_BOOL_CONVERSION = YES;
				CLANG_WARN_COMMA = YES;
				CLANG_WARN_CONSTANT_CONVERSION = YES;
				CLANG_WARN_DEPRECATED_OBJC_IMPLEMENTATIONS = YES;
				CLANG_WARN_DIRECT_OBJC_ISA_USAGE = YES_ERROR;
				CLANG_WARN_DOCUMENTATION_COMMENTS = YES;
				CLANG_WARN_EMPTY_BODY = YES;
				CLANG_WARN_ENUM_CONVERSION = YES;
				CLANG_WARN_INFINITE_RECURSION = YES;
				CLANG_WARN_INT_CONVERSION = YES;
				CLANG_WARN_NON_LITERAL_NULL_CONVERSION = YES;
				CLANG_WARN_OBJC_IMPLICIT_RETAIN_SELF = YES;
				CLANG_WARN_OBJC_LITERAL_CONVERSION = YES;
				CLANG_WARN_OBJC_ROOT_CLASS = YES_ERROR;
				CLANG_WARN_QUOTED_INCLUDE_IN_FRAMEWORK_HEADER = YES;
				CLANG_WARN_RANGE_LOOP_ANALYSIS = YES;
				CLANG_WARN_STRICT_PROTOTYPES = YES;
				CLANG_WARN_SUSPICIOUS_MOVE = YES;
				CLANG_WARN_UNGUARDED_AVAILABILITY = YES_AGGRESSIVE;
				CLANG_WARN_UNREACHABLE_CODE = YES;
				CLANG_WARN__DUPLICATE_METHOD_MATCH = YES;
				COPY_PHASE_STRIP = NO;
				DEBUG_INFORMATION_FORMAT = dwarf;
				ENABLE_STRICT_OBJC_MSGSEND = YES;
				ENABLE_TESTABILITY = YES;
				GCC_C_LANGUAGE_STANDARD = gnu11;
				GCC_DYNAMIC_NO_PIC = NO;
				GCC_NO_COMMON_BLOCKS = YES;
				GCC_OPTIMIZATION_LEVEL = 0;
				GCC_PREPROCESSOR_DEFINITIONS = (
					"DEBUG=1",
					"$(inherited)",
				);
				GCC_WARN_64_TO_32_BIT_CONVERSION = YES;
				GCC_WARN_ABOUT_RETURN_TYPE = YES_ERROR;
				GCC_WARN_UNDECLARED_SELECTOR = YES;
				GCC_WARN_UNINITIALIZED_AUTOS = YES_AGGRESSIVE;
				GCC_WARN_UNUSED_FUNCTION = YES;
				GCC_WARN_UNUSED_VARIABLE = YES;
				MACOSX_DEPLOYMENT_TARGET = 12.1;
				MTL_ENABLE_DEBUG_INFO = INCLUDE_SOURCE;
				MTL_FAST_MATH = YES;
				ONLY_ACTIVE_ARCH = YES;
				SDKROOT = macosx;
				SWIFT_ACTIVE_COMPILATION_CONDITIONS = DEBUG;
				SWIFT_OPTIMIZATION_LEVEL = "-Onone";
			};
			name = Debug;
		};
		EF9573332781D232000E1C07 /* Release */ = {
			isa = XCBuildConfiguration;
			buildSettings = {
				ALWAYS_SEARCH_USER_PATHS = NO;
				CLANG_ANALYZER_NONNULL = YES;
				CLANG_ANALYZER_NUMBER_OBJECT_CONVERSION = YES_AGGRESSIVE;
				CLANG_CXX_LANGUAGE_STANDARD = "gnu++17";
				CLANG_CXX_LIBRARY = "libc++";
				CLANG_ENABLE_MODULES = YES;
				CLANG_ENABLE_OBJC_ARC = YES;
				CLANG_ENABLE_OBJC_WEAK = YES;
				CLANG_WARN_BLOCK_CAPTURE_AUTORELEASING = YES;
				CLANG_WARN_BOOL_CONVERSION = YES;
				CLANG_WARN_COMMA = YES;
				CLANG_WARN_CONSTANT_CONVERSION = YES;
				CLANG_WARN_DEPRECATED_OBJC_IMPLEMENTATIONS = YES;
				CLANG_WARN_DIRECT_OBJC_ISA_USAGE = YES_ERROR;
				CLANG_WARN_DOCUMENTATION_COMMENTS = YES;
				CLANG_WARN_EMPTY_BODY = YES;
				CLANG_WARN_ENUM_CONVERSION = YES;
				CLANG_WARN_INFINITE_RECURSION = YES;
				CLANG_WARN_INT_CONVERSION = YES;
				CLANG_WARN_NON_LITERAL_NULL_CONVERSION = YES;
				CLANG_WARN_OBJC_IMPLICIT_RETAIN_SELF = YES;
				CLANG_WARN_OBJC_LITERAL_CONVERSION = YES;
				CLANG_WARN_OBJC_ROOT_CLASS = YES_ERROR;
				CLANG_WARN_QUOTED_INCLUDE_IN_FRAMEWORK_HEADER = YES;
				CLANG_WARN_RANGE_LOOP_ANALYSIS = YES;
				CLANG_WARN_STRICT_PROTOTYPES = YES;
				CLANG_WARN_SUSPICIOUS_MOVE = YES;
				CLANG_WARN_UNGUARDED_AVAILABILITY = YES_AGGRESSIVE;
				CLANG_WARN_UNREACHABLE_CODE = YES;
				CLANG_WARN__DUPLICATE_METHOD_MATCH = YES;
				COPY_PHASE_STRIP = NO;
				DEBUG_INFORMATION_FORMAT = "dwarf-with-dsym";
				ENABLE_NS_ASSERTIONS = NO;
				ENABLE_STRICT_OBJC_MSGSEND = YES;
				GCC_C_LANGUAGE_STANDARD = gnu11;
				GCC_NO_COMMON_BLOCKS = YES;
				GCC_WARN_64_TO_32_BIT_CONVERSION = YES;
				GCC_WARN_ABOUT_RETURN_TYPE = YES_ERROR;
				GCC_WARN_UNDECLARED_SELECTOR = YES;
				GCC_WARN_UNINITIALIZED_AUTOS = YES_AGGRESSIVE;
				GCC_WARN_UNUSED_FUNCTION = YES;
				GCC_WARN_UNUSED_VARIABLE = YES;
				MACOSX_DEPLOYMENT_TARGET = 12.1;
				MTL_ENABLE_DEBUG_INFO = NO;
				MTL_FAST_MATH = YES;
				SDKROOT = macosx;
				SWIFT_COMPILATION_MODE = wholemodule;
				SWIFT_OPTIMIZATION_LEVEL = "-O";
			};
			name = Release;
		};
		EF9573352781D232000E1C07 /* Debug */ = {
			isa = XCBuildConfiguration;
			buildSettings = {
				CLANG_ENABLE_MODULES = YES;
				CODE_SIGN_STYLE = Automatic;
				DEVELOPMENT_TEAM = 5URVMMXQW6;
				ENABLE_HARDENED_RUNTIME = YES;
				LD_RUNPATH_SEARCH_PATHS = (
					"$(inherited)",
					"@executable_path/../Frameworks",
					"@loader_path/../Frameworks",
				);
				PRODUCT_NAME = "$(TARGET_NAME)";
				SWIFT_OBJC_BRIDGING_HEADER = "bojSubmit/for/bojSubmit-Bridging-Header.h";
				SWIFT_OPTIMIZATION_LEVEL = "-Onone";
				SWIFT_VERSION = 5.0;
			};
			name = Debug;
		};
		EF9573362781D232000E1C07 /* Release */ = {
			isa = XCBuildConfiguration;
			buildSettings = {
				CLANG_ENABLE_MODULES = YES;
				CODE_SIGN_STYLE = Automatic;
				DEVELOPMENT_TEAM = 5URVMMXQW6;
				ENABLE_HARDENED_RUNTIME = YES;
				LD_RUNPATH_SEARCH_PATHS = (
					"$(inherited)",
					"@executable_path/../Frameworks",
					"@loader_path/../Frameworks",
				);
				PRODUCT_NAME = "$(TARGET_NAME)";
				SWIFT_OBJC_BRIDGING_HEADER = "bojSubmit/for/bojSubmit-Bridging-Header.h";
				SWIFT_VERSION = 5.0;
			};
			name = Release;
		};
/* End XCBuildConfiguration section */

/* Begin XCConfigurationList section */
		EF9573282781D232000E1C07 /* Build configuration list for PBXProject "bojSubmit" */ = {
			isa = XCConfigurationList;
			buildConfigurations = (
				EF9573322781D232000E1C07 /* Debug */,
				EF9573332781D232000E1C07 /* Release */,
			);
			defaultConfigurationIsVisible = 0;
			defaultConfigurationName = Release;
		};
		EF9573342781D232000E1C07 /* Build configuration list for PBXNativeTarget "bojSubmit" */ = {
			isa = XCConfigurationList;
			buildConfigurations = (
				EF9573352781D232000E1C07 /* Debug */,
				EF9573362781D232000E1C07 /* Release */,
			);
			defaultConfigurationIsVisible = 0;
			defaultConfigurationName = Release;
		};
/* End XCConfigurationList section */
	};
	rootObject = EF9573252781D232000E1C07 /* Project object */;
}
